
Microsoft Visual Studio Solution File, Format Version 12.00
# Visual Studio Version 16
VisualStudioVersion = 16.0.31205.134
MinimumVisualStudioVersion = 10.0.40219.1
Project("{FAE04EC0-301F-11D3-BF4B-00C04F79EFBC}") = "Forms", "Forms\Forms.csproj", "{1FE59459-6C27-4AE1-8954-7278E6F9F486}"
EndProject
Project("{FAE04EC0-301F-11D3-BF4B-00C04F79EFBC}") = "Common", "Common\Common.csproj", "{E1A5C0D4-2858-4B70-A0BB-C673EB4A03FD}"
EndProject
Project("{FAE04EC0-301F-11D3-BF4B-00C04F79EFBC}") = "Domain", "Domain\Domain.csproj", "{C8A4F9C3-C281-4A9A-8113-A7502736286A}"
EndProject
Project("{FAE04EC0-301F-11D3-BF4B-00C04F79EFBC}") = "Server", "Server 2\Server.csproj", "{75FA261E-1D1B-482F-9044-52C00163241B}"
EndProject
Project("{FAE04EC0-301F-11D3-BF4B-00C04F79EFBC}") = "DBController", "DBController\DBController.csproj", "{00B45198-817F-4115-9B50-149EE0DAA629}"
EndProject
Project("{FAE04EC0-301F-11D3-BF4B-00C04F79EFBC}") = "BrokerDB", "BrokerDB\BrokerDB.csproj", "{151CF41B-E932-4CCE-9F05-BC7A16FC9C8F}"
EndProject
Project("{FAE04EC0-301F-11D3-BF4B-00C04F79EFBC}") = "SystemOperations", "SystemOperations\SystemOperations.csproj", "{034B662E-B2EE-4157-9DA8-5DD40B3D9169}"
EndProject
Project("{FAE04EC0-301F-11D3-BF4B-00C04F79EFBC}") = "Storage", "Storage\Storage.csproj", "{7AD9AB53-98C7-4D8C-9239-4B0E160121AA}"
EndProject
Global
	GlobalSection(SolutionConfigurationPlatforms) = preSolution
		Debug|Any CPU = Debug|Any CPU
		Release|Any CPU = Release|Any CPU
	EndGlobalSection
	GlobalSection(ProjectConfigurationPlatforms) = postSolution
		{1FE59459-6C27-4AE1-8954-7278E6F9F486}.Debug|Any CPU.ActiveCfg = Debug|Any CPU
		{1FE59459-6C27-4AE1-8954-7278E6F9F486}.Debug|Any CPU.Build.0 = Debug|Any CPU
		{1FE59459-6C27-4AE1-8954-7278E6F9F486}.Release|Any CPU.ActiveCfg = Release|Any CPU
		{1FE59459-6C27-4AE1-8954-7278E6F9F486}.Release|Any CPU.Build.0 = Release|Any CPU
		{E1A5C0D4-2858-4B70-A0BB-C673EB4A03FD}.Debug|Any CPU.ActiveCfg = Debug|Any CPU
		{E1A5C0D4-2858-4B70-A0BB-C673EB4A03FD}.Debug|Any CPU.Build.0 = Debug|Any CPU
		{E1A5C0D4-2858-4B70-A0BB-C673EB4A03FD}.Release|Any CPU.ActiveCfg = Release|Any CPU
		{E1A5C0D4-2858-4B70-A0BB-C673EB4A03FD}.Release|Any CPU.Build.0 = Release|Any CPU
		{C8A4F9C3-C281-4A9A-8113-A7502736286A}.Debug|Any CPU.ActiveCfg = Debug|Any CPU
		{C8A4F9C3-C281-4A9A-8113-A7502736286A}.Debug|Any CPU.Build.0 = Debug|Any CPU
		{C8A4F9C3-C281-4A9A-8113-A7502736286A}.Release|Any CPU.ActiveCfg = Release|Any CPU
		{C8A4F9C3-C281-4A9A-8113-A7502736286A}.Release|Any CPU.Build.0 = Release|Any CPU
		{75FA261E-1D1B-482F-9044-52C00163241B}.Debug|Any CPU.ActiveCfg = Debug|Any CPU
		{75FA261E-1D1B-482F-9044-52C00163241B}.Debug|Any CPU.Build.0 = Debug|Any CPU
		{75FA261E-1D1B-482F-9044-52C00163241B}.Release|Any CPU.ActiveCfg = Release|Any CPU
		{75FA261E-1D1B-482F-9044-52C00163241B}.Release|Any CPU.Build.0 = Release|Any CPU
		{00B45198-817F-4115-9B50-149EE0DAA629}.Debug|Any CPU.ActiveCfg = Debug|Any CPU
		{00B45198-817F-4115-9B50-149EE0DAA629}.Debug|Any CPU.Build.0 = Debug|Any CPU
		{00B45198-817F-4115-9B50-149EE0DAA629}.Release|Any CPU.ActiveCfg = Release|Any CPU
		{00B45198-817F-4115-9B50-149EE0DAA629}.Release|Any CPU.Build.0 = Release|Any CPU
		{151CF41B-E932-4CCE-9F05-BC7A16FC9C8F}.Debug|Any CPU.ActiveCfg = Debug|Any CPU
		{151CF41B-E932-4CCE-9F05-BC7A16FC9C8F}.Debug|Any CPU.Build.0 = Debug|Any CPU
		{151CF41B-E932-4CCE-9F05-BC7A16FC9C8F}.Release|Any CPU.ActiveCfg = Release|Any CPU
		{151CF41B-E932-4CCE-9F05-BC7A16FC9C8F}.Release|Any CPU.Build.0 = Release|Any CPU
		{034B662E-B2EE-4157-9DA8-5DD40B3D9169}.Debug|Any CPU.ActiveCfg = Debug|Any CPU
		{034B662E-B2EE-4157-9DA8-5DD40B3D9169}.Debug|Any CPU.Build.0 = Debug|Any CPU
		{034B662E-B2EE-4157-9DA8-5DD40B3D9169}.Release|Any CPU.ActiveCfg = Release|Any CPU
		{034B662E-B2EE-4157-9DA8-5DD40B3D9169}.Release|Any CPU.Build.0 = Release|Any CPU
		{7AD9AB53-98C7-4D8C-9239-4B0E160121AA}.Debug|Any CPU.ActiveCfg = Debug|Any CPU
		{7AD9AB53-98C7-4D8C-9239-4B0E160121AA}.Debug|Any CPU.Build.0 = Debug|Any CPU
		{7AD9AB53-98C7-4D8C-9239-4B0E160121AA}.Release|Any CPU.ActiveCfg = Release|Any CPU
		{7AD9AB53-98C7-4D8C-9239-4B0E160121AA}.Release|Any CPU.Build.0 = Release|Any CPU
	EndGlobalSection
	GlobalSection(SolutionProperties) = preSolution
		HideSolutionNode = FALSE
	EndGlobalSection
	GlobalSection(ExtensibilityGlobals) = postSolution
		SolutionGuid = {3C1FFE5B-5022-44FC-B5F6-26346D1331C7}
	EndGlobalSection
EndGlobal
